// !$*UTF8*$!
{
	archiveVersion = 1;
	classes = {
	};
	objectVersion = 46;
	objects = {

/* Begin PBXBuildFile section */
		362D7AE518EEAA97003F6D06 /* Foundation.framework in Frameworks */ = {isa = PBXBuildFile; fileRef = 362D7AE418EEAA97003F6D06 /* Foundation.framework */; };
		362D7AE718EEAA97003F6D06 /* CoreGraphics.framework in Frameworks */ = {isa = PBXBuildFile; fileRef = 362D7AE618EEAA97003F6D06 /* CoreGraphics.framework */; };
		362D7AE918EEAA97003F6D06 /* UIKit.framework in Frameworks */ = {isa = PBXBuildFile; fileRef = 362D7AE818EEAA97003F6D06 /* UIKit.framework */; };
		362D7AEF18EEAA97003F6D06 /* InfoPlist.strings in Resources */ = {isa = PBXBuildFile; fileRef = 362D7AED18EEAA97003F6D06 /* InfoPlist.strings */; };
		362D7AF118EEAA97003F6D06 /* main.m in Sources */ = {isa = PBXBuildFile; fileRef = 362D7AF018EEAA97003F6D06 /* main.m */; };
		362D7AF518EEAA97003F6D06 /* AppDelegate.m in Sources */ = {isa = PBXBuildFile; fileRef = 362D7AF418EEAA97003F6D06 /* AppDelegate.m */; };
		362D7AF818EEAA97003F6D06 /* Main.storyboard in Resources */ = {isa = PBXBuildFile; fileRef = 362D7AF618EEAA97003F6D06 /* Main.storyboard */; };
		362D7AFB18EEAA97003F6D06 /* ViewController.m in Sources */ = {isa = PBXBuildFile; fileRef = 362D7AFA18EEAA97003F6D06 /* ViewController.m */; };
		362D7AFD18EEAA97003F6D06 /* Images.xcassets in Resources */ = {isa = PBXBuildFile; fileRef = 362D7AFC18EEAA97003F6D06 /* Images.xcassets */; };
		362D7B0418EEAA97003F6D06 /* XCTest.framework in Frameworks */ = {isa = PBXBuildFile; fileRef = 362D7B0318EEAA97003F6D06 /* XCTest.framework */; };
		362D7B0518EEAA97003F6D06 /* Foundation.framework in Frameworks */ = {isa = PBXBuildFile; fileRef = 362D7AE418EEAA97003F6D06 /* Foundation.framework */; };
		362D7B0618EEAA97003F6D06 /* UIKit.framework in Frameworks */ = {isa = PBXBuildFile; fileRef = 362D7AE818EEAA97003F6D06 /* UIKit.framework */; };
		362D7B0E18EEAA97003F6D06 /* InfoPlist.strings in Resources */ = {isa = PBXBuildFile; fileRef = 362D7B0C18EEAA97003F6D06 /* InfoPlist.strings */; };
		362D7B1018EEAA97003F6D06 /* MLActivityViewControllerTests.m in Sources */ = {isa = PBXBuildFile; fileRef = 362D7B0F18EEAA97003F6D06 /* MLActivityViewControllerTests.m */; };
/* End PBXBuildFile section */

/* Begin PBXContainerItemProxy section */
		362D7B0718EEAA97003F6D06 /* PBXContainerItemProxy */ = {
			isa = PBXContainerItemProxy;
			containerPortal = 362D7AD918EEAA97003F6D06 /* Project object */;
			proxyType = 1;
			remoteGlobalIDString = 362D7AE018EEAA97003F6D06;
			remoteInfo = MLActivityViewController;
		};
/* End PBXContainerItemProxy section */

/* Begin PBXFileReference section */
		362D7AE118EEAA97003F6D06 /* MLActivityViewController.app */ = {isa = PBXFileReference; explicitFileType = wrapper.application; includeInIndex = 0; path = MLActivityViewController.app; sourceTree = BUILT_PRODUCTS_DIR; };
		362D7AE418EEAA97003F6D06 /* Foundation.framework */ = {isa = PBXFileReference; lastKnownFileType = wrapper.framework; name = Foundation.framework; path = System/Library/Frameworks/Foundation.framework; sourceTree = SDKROOT; };
		362D7AE618EEAA97003F6D06 /* CoreGraphics.framework */ = {isa = PBXFileReference; lastKnownFileType = wrapper.framework; name = CoreGraphics.framework; path = System/Library/Frameworks/CoreGraphics.framework; sourceTree = SDKROOT; };
		362D7AE818EEAA97003F6D06 /* UIKit.framework */ = {isa = PBXFileReference; lastKnownFileType = wrapper.framework; name = UIKit.framework; path = System/Library/Frameworks/UIKit.framework; sourceTree = SDKROOT; };
		362D7AEC18EEAA97003F6D06 /* MLActivityViewController-Info.plist */ = {isa = PBXFileReference; lastKnownFileType = text.plist.xml; path = "MLActivityViewController-Info.plist"; sourceTree = "<group>"; };
		362D7AEE18EEAA97003F6D06 /* en */ = {isa = PBXFileReference; lastKnownFileType = text.plist.strings; name = en; path = en.lproj/InfoPlist.strings; sourceTree = "<group>"; };
		362D7AF018EEAA97003F6D06 /* main.m */ = {isa = PBXFileReference; lastKnownFileType = sourcecode.c.objc; path = main.m; sourceTree = "<group>"; };
		362D7AF218EEAA97003F6D06 /* MLActivityViewController-Prefix.pch */ = {isa = PBXFileReference; lastKnownFileType = sourcecode.c.h; path = "MLActivityViewController-Prefix.pch"; sourceTree = "<group>"; };
		362D7AF318EEAA97003F6D06 /* AppDelegate.h */ = {isa = PBXFileReference; lastKnownFileType = sourcecode.c.h; path = AppDelegate.h; sourceTree = "<group>"; };
		362D7AF418EEAA97003F6D06 /* AppDelegate.m */ = {isa = PBXFileReference; lastKnownFileType = sourcecode.c.objc; path = AppDelegate.m; sourceTree = "<group>"; };
		362D7AF718EEAA97003F6D06 /* Base */ = {isa = PBXFileReference; lastKnownFileType = file.storyboard; name = Base; path = Base.lproj/Main.storyboard; sourceTree = "<group>"; };
		362D7AF918EEAA97003F6D06 /* ViewController.h */ = {isa = PBXFileReference; lastKnownFileType = sourcecode.c.h; path = ViewController.h; sourceTree = "<group>"; };
		362D7AFA18EEAA97003F6D06 /* ViewController.m */ = {isa = PBXFileReference; lastKnownFileType = sourcecode.c.objc; path = ViewController.m; sourceTree = "<group>"; };
		362D7AFC18EEAA97003F6D06 /* Images.xcassets */ = {isa = PBXFileReference; lastKnownFileType = folder.assetcatalog; path = Images.xcassets; sourceTree = "<group>"; };
		362D7B0218EEAA97003F6D06 /* MLActivityViewControllerTests.xctest */ = {isa = PBXFileReference; explicitFileType = wrapper.cfbundle; includeInIndex = 0; path = MLActivityViewControllerTests.xctest; sourceTree = BUILT_PRODUCTS_DIR; };
		362D7B0318EEAA97003F6D06 /* XCTest.framework */ = {isa = PBXFileReference; lastKnownFileType = wrapper.framework; name = XCTest.framework; path = Library/Frameworks/XCTest.framework; sourceTree = DEVELOPER_DIR; };
		362D7B0B18EEAA97003F6D06 /* MLActivityViewControllerTests-Info.plist */ = {isa = PBXFileReference; lastKnownFileType = text.plist.xml; path = "MLActivityViewControllerTests-Info.plist"; sourceTree = "<group>"; };
		362D7B0D18EEAA97003F6D06 /* en */ = {isa = PBXFileReference; lastKnownFileType = text.plist.strings; name = en; path = en.lproj/InfoPlist.strings; sourceTree = "<group>"; };
		362D7B0F18EEAA97003F6D06 /* MLActivityViewControllerTests.m */ = {isa = PBXFileReference; lastKnownFileType = sourcecode.c.objc; path = MLActivityViewControllerTests.m; sourceTree = "<group>"; };
/* End PBXFileReference section */

/* Begin PBXFrameworksBuildPhase section */
		362D7ADE18EEAA97003F6D06 /* Frameworks */ = {
			isa = PBXFrameworksBuildPhase;
			buildActionMask = 2147483647;
			files = (
				362D7AE718EEAA97003F6D06 /* CoreGraphics.framework in Frameworks */,
				362D7AE918EEAA97003F6D06 /* UIKit.framework in Frameworks */,
				362D7AE518EEAA97003F6D06 /* Foundation.framework in Frameworks */,
			);
			runOnlyForDeploymentPostprocessing = 0;
		};
		362D7AFF18EEAA97003F6D06 /* Frameworks */ = {
			isa = PBXFrameworksBuildPhase;
			buildActionMask = 2147483647;
			files = (
				362D7B0418EEAA97003F6D06 /* XCTest.framework in Frameworks */,
				362D7B0618EEAA97003F6D06 /* UIKit.framework in Frameworks */,
				362D7B0518EEAA97003F6D06 /* Foundation.framework in Frameworks */,
			);
			runOnlyForDeploymentPostprocessing = 0;
		};
/* End PBXFrameworksBuildPhase section */

/* Begin PBXGroup section */
		362D7AD818EEAA97003F6D06 = {
			isa = PBXGroup;
			children = (
				362D7AEA18EEAA97003F6D06 /* MLActivityViewController */,
				362D7B0918EEAA97003F6D06 /* MLActivityViewControllerTests */,
				362D7AE318EEAA97003F6D06 /* Frameworks */,
				362D7AE218EEAA97003F6D06 /* Products */,
			);
			sourceTree = "<group>";
		};
		362D7AE218EEAA97003F6D06 /* Products */ = {
			isa = PBXGroup;
			children = (
				362D7AE118EEAA97003F6D06 /* MLActivityViewController.app */,
				362D7B0218EEAA97003F6D06 /* MLActivityViewControllerTests.xctest */,
			);
			name = Products;
			sourceTree = "<group>";
		};
		362D7AE318EEAA97003F6D06 /* Frameworks */ = {
			isa = PBXGroup;
			children = (
				362D7AE418EEAA97003F6D06 /* Foundation.framework */,
				362D7AE618EEAA97003F6D06 /* CoreGraphics.framework */,
				362D7AE818EEAA97003F6D06 /* UIKit.framework */,
				362D7B0318EEAA97003F6D06 /* XCTest.framework */,
			);
			name = Frameworks;
			sourceTree = "<group>";
		};
		362D7AEA18EEAA97003F6D06 /* MLActivityViewController */ = {
			isa = PBXGroup;
			children = (
				362D7AF318EEAA97003F6D06 /* AppDelegate.h */,
				362D7AF418EEAA97003F6D06 /* AppDelegate.m */,
				362D7AF618EEAA97003F6D06 /* Main.storyboard */,
				362D7AF918EEAA97003F6D06 /* ViewController.h */,
				362D7AFA18EEAA97003F6D06 /* ViewController.m */,
				362D7AFC18EEAA97003F6D06 /* Images.xcassets */,
				362D7AEB18EEAA97003F6D06 /* Supporting Files */,
			);
			path = MLActivityViewController;
			sourceTree = "<group>";
		};
		362D7AEB18EEAA97003F6D06 /* Supporting Files */ = {
			isa = PBXGroup;
			children = (
				362D7AEC18EEAA97003F6D06 /* MLActivityViewController-Info.plist */,
				362D7AED18EEAA97003F6D06 /* InfoPlist.strings */,
				362D7AF018EEAA97003F6D06 /* main.m */,
				362D7AF218EEAA97003F6D06 /* MLActivityViewController-Prefix.pch */,
			);
			name = "Supporting Files";
			sourceTree = "<group>";
		};
		362D7B0918EEAA97003F6D06 /* MLActivityViewControllerTests */ = {
			isa = PBXGroup;
			children = (
				362D7B0F18EEAA97003F6D06 /* MLActivityViewControllerTests.m */,
				362D7B0A18EEAA97003F6D06 /* Supporting Files */,
			);
			path = MLActivityViewControllerTests;
			sourceTree = "<group>";
		};
		362D7B0A18EEAA97003F6D06 /* Supporting Files */ = {
			isa = PBXGroup;
			children = (
				362D7B0B18EEAA97003F6D06 /* MLActivityViewControllerTests-Info.plist */,
				362D7B0C18EEAA97003F6D06 /* InfoPlist.strings */,
			);
			name = "Supporting Files";
			sourceTree = "<group>";
		};
/* End PBXGroup section */

/* Begin PBXNativeTarget section */
		362D7AE018EEAA97003F6D06 /* MLActivityViewController */ = {
			isa = PBXNativeTarget;
			buildConfigurationList = 362D7B1318EEAA97003F6D06 /* Build configuration list for PBXNativeTarget "MLActivityViewController" */;
			buildPhases = (
				362D7ADD18EEAA97003F6D06 /* Sources */,
				362D7ADE18EEAA97003F6D06 /* Frameworks */,
				362D7ADF18EEAA97003F6D06 /* Resources */,
			);
			buildRules = (
			);
			dependencies = (
			);
			name = MLActivityViewController;
			productName = MLActivityViewController;
			productReference = 362D7AE118EEAA97003F6D06 /* MLActivityViewController.app */;
			productType = "com.apple.product-type.application";
		};
		362D7B0118EEAA97003F6D06 /* MLActivityViewControllerTests */ = {
			isa = PBXNativeTarget;
			buildConfigurationList = 362D7B1618EEAA97003F6D06 /* Build configuration list for PBXNativeTarget "MLActivityViewControllerTests" */;
			buildPhases = (
				362D7AFE18EEAA97003F6D06 /* Sources */,
				362D7AFF18EEAA97003F6D06 /* Frameworks */,
				362D7B0018EEAA97003F6D06 /* Resources */,
			);
			buildRules = (
			);
			dependencies = (
				362D7B0818EEAA97003F6D06 /* PBXTargetDependency */,
			);
			name = MLActivityViewControllerTests;
			productName = MLActivityViewControllerTests;
			productReference = 362D7B0218EEAA97003F6D06 /* MLActivityViewControllerTests.xctest */;
			productType = "com.apple.product-type.bundle.unit-test";
		};
/* End PBXNativeTarget section */

/* Begin PBXProject section */
		362D7AD918EEAA97003F6D06 /* Project object */ = {
			isa = PBXProject;
			attributes = {
				LastUpgradeCheck = 0510;
				ORGANIZATIONNAME = molon;
				TargetAttributes = {
					362D7B0118EEAA97003F6D06 = {
						TestTargetID = 362D7AE018EEAA97003F6D06;
					};
				};
			};
			buildConfigurationList = 362D7ADC18EEAA97003F6D06 /* Build configuration list for PBXProject "MLActivityViewController" */;
			compatibilityVersion = "Xcode 3.2";
			developmentRegion = English;
			hasScannedForEncodings = 0;
			knownRegions = (
				en,
				Base,
			);
			mainGroup = 362D7AD818EEAA97003F6D06;
			productRefGroup = 362D7AE218EEAA97003F6D06 /* Products */;
			projectDirPath = "";
			projectRoot = "";
			targets = (
				362D7AE018EEAA97003F6D06 /* MLActivityViewController */,
				362D7B0118EEAA97003F6D06 /* MLActivityViewControllerTests */,
			);
		};
/* End PBXProject section */

/* Begin PBXResourcesBuildPhase section */
		362D7ADF18EEAA97003F6D06 /* Resources */ = {
			isa = PBXResourcesBuildPhase;
			buildActionMask = 2147483647;
			files = (
				362D7AFD18EEAA97003F6D06 /* Images.xcassets in Resources */,
				362D7AEF18EEAA97003F6D06 /* InfoPlist.strings in Resources */,
				362D7AF818EEAA97003F6D06 /* Main.storyboard in Resources */,
			);
			runOnlyForDeploymentPostprocessing = 0;
		};
		362D7B0018EEAA97003F6D06 /* Resources */ = {
			isa = PBXResourcesBuildPhase;
			buildActionMask = 2147483647;
			files = (
				362D7B0E18EEAA97003F6D06 /* InfoPlist.strings in Resources */,
			);
			runOnlyForDeploymentPostprocessing = 0;
		};
/* End PBXResourcesBuildPhase section */

/* Begin PBXSourcesBuildPhase section */
		362D7ADD18EEAA97003F6D06 /* Sources */ = {
			isa = PBXSourcesBuildPhase;
			buildActionMask = 2147483647;
			files = (
				362D7AFB18EEAA97003F6D06 /* ViewController.m in Sources */,
				362D7AF518EEAA97003F6D06 /* AppDelegate.m in Sources */,
				362D7AF118EEAA97003F6D06 /* main.m in Sources */,
			);
			runOnlyForDeploymentPostprocessing = 0;
		};
		362D7AFE18EEAA97003F6D06 /* Sources */ = {
			isa = PBXSourcesBuildPhase;
			buildActionMask = 2147483647;
			files = (
				362D7B1018EEAA97003F6D06 /* MLActivityViewControllerTests.m in Sources */,
			);
			runOnlyForDeploymentPostprocessing = 0;
		};
/* End PBXSourcesBuildPhase section */

/* Begin PBXTargetDependency section */
		362D7B0818EEAA97003F6D06 /* PBXTargetDependency */ = {
			isa = PBXTargetDependency;
			target = 362D7AE018EEAA97003F6D06 /* MLActivityViewController */;
			targetProxy = 362D7B0718EEAA97003F6D06 /* PBXContainerItemProxy */;
		};
/* End PBXTargetDependency section */

/* Begin PBXVariantGroup section */
		362D7AED18EEAA97003F6D06 /* InfoPlist.strings */ = {
			isa = PBXVariantGroup;
			children = (
				362D7AEE18EEAA97003F6D06 /* en */,
			);
			name = InfoPlist.strings;
			sourceTree = "<group>";
		};
		362D7AF618EEAA97003F6D06 /* Main.storyboard */ = {
			isa = PBXVariantGroup;
			children = (
				362D7AF718EEAA97003F6D06 /* Base */,
			);
			name = Main.storyboard;
			sourceTree = "<group>";
		};
		362D7B0C18EEAA97003F6D06 /* InfoPlist.strings */ = {
			isa = PBXVariantGroup;
			children = (
				362D7B0D18EEAA97003F6D06 /* en */,
			);
			name = InfoPlist.strings;
			sourceTree = "<group>";
		};
/* End PBXVariantGroup section */

/* Begin XCBuildConfiguration section */
		362D7B1118EEAA97003F6D06 /* Debug */ = {
			isa = XCBuildConfiguration;
			buildSettings = {
				ALWAYS_SEARCH_USER_PATHS = NO;
				CLANG_CXX_LANGUAGE_STANDARD = "gnu++0x";
				CLANG_CXX_LIBRARY = "libc++";
				CLANG_ENABLE_MODULES = YES;
				CLANG_ENABLE_OBJC_ARC = YES;
				CLANG_WARN_BOOL_CONVERSION = YES;
				CLANG_WARN_CONSTANT_CONVERSION = YES;
				CLANG_WARN_DIRECT_OBJC_ISA_USAGE = YES_ERROR;
				CLANG_WARN_EMPTY_BODY = YES;
				CLANG_WARN_ENUM_CONVERSION = YES;
				CLANG_WARN_INT_CONVERSION = YES;
				CLANG_WARN_OBJC_ROOT_CLASS = YES_ERROR;
				CLANG_WARN__DUPLICATE_METHOD_MATCH = YES;
				"CODE_SIGN_IDENTITY[sdk=iphoneos*]" = "iPhone Developer";
				COPY_PHASE_STRIP = NO;
				GCC_C_LANGUAGE_STANDARD = gnu99;
				GCC_DYNAMIC_NO_PIC = NO;
				GCC_OPTIMIZATION_LEVEL = 0;
				GCC_PREPROCESSOR_DEFINITIONS = (
					"DEBUG=1",
					"$(inherited)",
				);
				GCC_SYMBOLS_PRIVATE_EXTERN = NO;
				GCC_WARN_64_TO_32_BIT_CONVERSION = YES;
				GCC_WARN_ABOUT_RETURN_TYPE = YES_ERROR;
				GCC_WARN_UNDECLARED_SELECTOR = YES;
				GCC_WARN_UNINITIALIZED_AUTOS = YES_AGGRESSIVE;
				GCC_WARN_UNUSED_FUNCTION = YES;
				GCC_WARN_UNUSED_VARIABLE = YES;
				IPHONEOS_DEPLOYMENT_TARGET = 7.1;
				ONLY_ACTIVE_ARCH = YES;
				SDKROOT = iphoneos;
			};
			name = Debug;
		};
		362D7B1218EEAA97003F6D06 /* Release */ = {
			isa = XCBuildConfiguration;
			buildSettings = {
				ALWAYS_SEARCH_USER_PATHS = NO;
				CLANG_CXX_LANGUAGE_STANDARD = "gnu++0x";
				CLANG_CXX_LIBRARY = "libc++";
				CLANG_ENABLE_MODULES = YES;
				CLANG_ENABLE_OBJC_ARC = YES;
				CLANG_WARN_BOOL_CONVERSION = YES;
				CLANG_WARN_CONSTANT_CONVERSION = YES;
				CLANG_WARN_DIRECT_OBJC_ISA_USAGE = YES_ERROR;
				CLANG_WARN_EMPTY_BODY = YES;
				CLANG_WARN_ENUM_CONVERSION = YES;
				CLANG_WARN_INT_CONVERSION = YES;
				CLANG_WARN_OBJC_ROOT_CLASS = YES_ERROR;
				CLANG_WARN__DUPLICATE_METHOD_MATCH = YES;
				"CODE_SIGN_IDENTITY[sdk=iphoneos*]" = "iPhone Developer";
				COPY_PHASE_STRIP = YES;
				ENABLE_NS_ASSERTIONS = NO;
				GCC_C_LANGUAGE_STANDARD = gnu99;
				GCC_WARN_64_TO_32_BIT_CONVERSION = YES;
				GCC_WARN_ABOUT_RETURN_TYPE = YES_ERROR;
				GCC_WARN_UNDECLARED_SELECTOR = YES;
				GCC_WARN_UNINITIALIZED_AUTOS = YES_AGGRESSIVE;
				GCC_WARN_UNUSED_FUNCTION = YES;
				GCC_WARN_UNUSED_VARIABLE = YES;
				IPHONEOS_DEPLOYMENT_TARGET = 7.1;
				SDKROOT = iphoneos;
				VALIDATE_PRODUCT = YES;
			};
			name = Release;
		};
		362D7B1418EEAA97003F6D06 /* Debug */ = {
			isa = XCBuildConfiguration;
			buildSettings = {
				ASSETCATALOG_COMPILER_APPICON_NAME = AppIcon;
				ASSETCATALOG_COMPILER_LAUNCHIMAGE_NAME = LaunchImage;
				GCC_PRECOMPILE_PREFIX_HEADER = YES;
				GCC_PREFIX_HEADER = "MLActivityViewController/MLActivityViewController-Prefix.pch";
				INFOPLIST_FILE = "MLActivityViewController/MLActivityViewController-Info.plist";
				PRODUCT_NAME = "$(TARGET_NAME)";
				WRAPPER_EXTENSION = app;
			};
			name = Debug;
		};
		362D7B1518EEAA97003F6D06 /* Release */ = {
			isa = XCBuildConfiguration;
			buildSettings = {
				ASSETCATALOG_COMPILER_APPICON_NAME = AppIcon;
				ASSETCATALOG_COMPILER_LAUNCHIMAGE_NAME = LaunchImage;
				GCC_PRECOMPILE_PREFIX_HEADER = YES;
				GCC_PREFIX_HEADER = "MLActivityViewController/MLActivityViewController-Prefix.pch";
				INFOPLIST_FILE = "MLActivityViewController/MLActivityViewController-Info.plist";
				PRODUCT_NAME = "$(TARGET_NAME)";
				WRAPPER_EXTENSION = app;
			};
			name = Release;
		};
		362D7B1718EEAA97003F6D06 /* Debug */ = {
			isa = XCBuildConfiguration;
			buildSettings = {
				BUNDLE_LOADER = "$(BUILT_PRODUCTS_DIR)/MLActivityViewController.app/MLActivityViewController";
				FRAMEWORK_SEARCH_PATHS = (
					"$(SDKROOT)/Developer/Library/Frameworks",
					"$(inherited)",
					"$(DEVELOPER_FRAMEWORKS_DIR)",
				);
				GCC_PRECOMPILE_PREFIX_HEADER = YES;
				GCC_PREFIX_HEADER = "MLActivityViewController/MLActivityViewController-Prefix.pch";
				GCC_PREPROCESSOR_DEFINITIONS = (
					"DEBUG=1",
					"$(inherited)",
				);
				INFOPLIST_FILE = "MLActivityViewControllerTests/MLActivityViewControllerTests-Info.plist";
				PRODUCT_NAME = "$(TARGET_NAME)";
				TEST_HOST = "$(BUNDLE_LOADER)";
				WRAPPER_EXTENSION = xctest;
			};
			name = Debug;
		};
		362D7B1818EEAA97003F6D06 /* Release */ = {
			isa = XCBuildConfiguration;
			buildSettings = {
				BUNDLE_LOADER = "$(BUILT_PRODUCTS_DIR)/MLActivityViewController.app/MLActivityViewController";
				FRAMEWORK_SEARCH_PATHS = (
					"$(SDKROOT)/Developer/Library/Frameworks",
					"$(inherited)",
					"$(DEVELOPER_FRAMEWORKS_DIR)",
				);
				GCC_PRECOMPILE_PREFIX_HEADER = YES;
				GCC_PREFIX_HEADER = "MLActivityViewController/MLActivityViewController-Prefix.pch";
				INFOPLIST_FILE = "MLActivityViewControllerTests/MLActivityViewControllerTests-Info.plist";
				PRODUCT_NAME = "$(TARGET_NAME)";
				TEST_HOST = "$(BUNDLE_LOADER)";
				WRAPPER_EXTENSION = xctest;
			};
			name = Release;
		};
/* End XCBuildConfiguration section */

/* Begin XCConfigurationList section */
		362D7ADC18EEAA97003F6D06 /* Build configuration list for PBXProject "MLActivityViewController" */ = {
			isa = XCConfigurationList;
			buildConfigurations = (
				362D7B1118EEAA97003F6D06 /* Debug */,
				362D7B1218EEAA97003F6D06 /* Release */,
			);
			defaultConfigurationIsVisible = 0;
			defaultConfigurationName = Release;
		};
		362D7B1318EEAA97003F6D06 /* Build configuration list for PBXNativeTarget "MLActivityViewController" */ = {
			isa = XCConfigurationList;
			buildConfigurations = (
				362D7B1418EEAA97003F6D06 /* Debug */,
				362D7B1518EEAA97003F6D06 /* Release */,
			);
			defaultConfigurationIsVisible = 0;
		};
		362D7B1618EEAA97003F6D06 /* Build configuration list for PBXNativeTarget "MLActivityViewControllerTests" */ = {
			isa = XCConfigurationList;
			buildConfigurations = (
				362D7B1718EEAA97003F6D06 /* Debug */,
				362D7B1818EEAA97003F6D06 /* Release */,
			);
			defaultConfigurationIsVisible = 0;
		};
/* End XCConfigurationList section */
	};
	rootObject = 362D7AD918EEAA97003F6D06 /* Project object */;
}
